# This file was autogenerated by Stack.
# You should not edit this file by hand.
# For more information, please see the documentation at:
#   https://docs.haskellstack.org/en/stable/lock_files

packages:
- completed:
    hackage: scotty-cookie-0.1.0.3@sha256:3ff1df13a5acba8ba170a5ac22b3ac6a2c227791292536ce1ebfc41038f58fc9,1204
    pantry-tree:
      sha256: 8236b9d3e3c01b29c3d7bf7791af8c87e87ea9b2052e9d7bc32038f524242679
      size: 222
  original:
    hackage: scotty-cookie-0.1.0.3
snapshots:
- completed:
    sha256: 809a32ec6fc980a87dbece1aa2e064174bf5211b06831e1727c571e872db1df4
    size: 284284
    url: https://raw.githubusercontent.com/commercialhaskell/stackage-snapshots/master/lts/3/1.yaml
  original: lts-3.1
